# .github/workflows/gen-lock.yaml
name: 🍉 Boob-Lock Generator

on: [push, pull_request]

jobs:
  lock:
    runs-on: ubuntu-latest
    steps:
      - name: Checkout
        uses: actions/checkout@v4

      - name: Setup Node
        uses: actions/setup-node@v4
        with:
          node-version: 20

      - name: Install deps
        run: npm ci --package-lock-only

      - name: Upload fresh lock
        uses: actions/upload-artifact@v4
        with:
          name: package-lock.json
          path: package-lock.json